
Microsoft Visual Studio Solution File, Format Version 12.00
# Visual Studio Version 17
VisualStudioVersion = 17.6.33723.286
MinimumVisualStudioVersion = 10.0.40219.1
Project("{2150E333-8FDC-42A3-9474-1A3956D46DE8}") = "src", "src", "{11D9E5D9-CB06-4B9B-8861-AE8C7B3B5F5F}"
EndProject
Project("{FAE04EC0-301F-11D3-BF4B-00C04F79EFBC}") = "DmitryLegostaev.Polly.ActionRetry", "src\DmitryLegostaev.Polly.ActionRetry\DmitryLegostaev.Polly.ActionRetry.csproj", "{01EE2438-A47B-4131-8A73-8121000FC2DF}"
EndProject
Global
	GlobalSection(SolutionConfigurationPlatforms) = preSolution
		Debug|Any CPU = Debug|Any CPU
		Release|Any CPU = Release|Any CPU
	EndGlobalSection
	GlobalSection(ProjectConfigurationPlatforms) = postSolution
		{01EE2438-A47B-4131-8A73-8121000FC2DF}.Debug|Any CPU.ActiveCfg = Debug|Any CPU
		{01EE2438-A47B-4131-8A73-8121000FC2DF}.Debug|Any CPU.Build.0 = Debug|Any CPU
		{01EE2438-A47B-4131-8A73-8121000FC2DF}.Release|Any CPU.ActiveCfg = Release|Any CPU
		{01EE2438-A47B-4131-8A73-8121000FC2DF}.Release|Any CPU.Build.0 = Release|Any CPU
	EndGlobalSection
	GlobalSection(SolutionProperties) = preSolution
		HideSolutionNode = FALSE
	EndGlobalSection
	GlobalSection(ExtensibilityGlobals) = postSolution
		SolutionGuid = {31EA5313-2A6E-4DDD-AD21-1607A92B7114}
	EndGlobalSection
	GlobalSection(NestedProjects) = preSolution
		{01EE2438-A47B-4131-8A73-8121000FC2DF} = {11D9E5D9-CB06-4B9B-8861-AE8C7B3B5F5F}
	EndGlobalSection
EndGlobal
